
Microsoft Visual Studio Solution File, Format Version 12.00
# Visual Studio Version 16
VisualStudioVersion = 16.0.33027.164
MinimumVisualStudioVersion = 10.0.40219.1
Project("{FAE04EC0-301F-11D3-BF4B-00C04F79EFBC}") = "Diagrams", "Diagrams\Diagrams.csproj", "{C8A6F333-B973-48CE-A234-AE33659BAE70}"
EndProject
Global
	GlobalSection(SolutionConfigurationPlatforms) = preSolution
		Debug|Any CPU = Debug|Any CPU
		Release|Any CPU = Release|Any CPU
	EndGlobalSection
	GlobalSection(ProjectConfigurationPlatforms) = postSolution
		{C8A6F333-B973-48CE-A234-AE33659BAE70}.Debug|Any CPU.ActiveCfg = Debug|Any CPU
		{C8A6F333-B973-48CE-A234-AE33659BAE70}.Debug|Any CPU.Build.0 = Debug|Any CPU
		{C8A6F333-B973-48CE-A234-AE33659BAE70}.Release|Any CPU.ActiveCfg = Release|Any CPU
		{C8A6F333-B973-48CE-A234-AE33659BAE70}.Release|Any CPU.Build.0 = Release|Any CPU
	EndGlobalSection
	GlobalSection(SolutionProperties) = preSolution
		HideSolutionNode = FALSE
	EndGlobalSection
	GlobalSection(ExtensibilityGlobals) = postSolution
		SolutionGuid = {CDC498C5-6BA4-4A01-8496-DD78C427E9A9}
	EndGlobalSection
EndGlobal
